{
  "nodes": {
    "flakeNimbleLib": {
      "inputs": {
        "nixpkgs": [
          "nixpkgs"
        ]
      },
      "locked": {
        "lastModified": 1662018438,
        "narHash": "sha256-QtNtU6+LX3Wokxf0zlFwKTFOcn6TeDjKQZ+DA9OYtvM=",
        "owner": "riinr",
        "repo": "nim-flakes-lib",
        "rev": "b1fe8340736e3a85d25c709ac3dfd82a55c03cbf",
        "type": "github"
      },
      "original": {
        "owner": "riinr",
        "ref": "master",
        "repo": "nim-flakes-lib",
        "type": "github"
      }
    },
    "nimviz-master": {
      "inputs": {
        "flakeNimbleLib": [
          "flakeNimbleLib"
        ],
        "nixpkgs": [
          "nixpkgs"
        ],
        "src-nimviz-master": "src-nimviz-master"
      },
      "locked": {
        "dir": "master",
        "lastModified": 1662254690,
        "narHash": "sha256-t8dlQCaJN743yj5hi7NNoBiEfzVwot86d9FXRpuFrII=",
        "owner": "nim-nix-pkgs",
        "repo": "nimviz",
        "rev": "c5ab9edea290a526ae6f0590b58b2694d1f3a431",
        "type": "github"
      },
      "original": {
        "dir": "master",
        "owner": "nim-nix-pkgs",
        "ref": "master",
        "repo": "nimviz",
        "type": "github"
      }
    },
    "nixpkgs": {
      "locked": {
        "lastModified": 1667110639,
        "narHash": "sha256-4FbPESZ5LbqQxkJJJBAfk/zKgF9h/4kyUwjjpJwYlbc=",
        "owner": "NixOS",
        "repo": "nixpkgs",
        "rev": "f38a1f04d1bec1feb61fd101a0539ae2002a7087",
        "type": "github"
      },
      "original": {
        "id": "nixpkgs",
        "type": "indirect"
      }
    },
    "root": {
      "inputs": {
        "flakeNimbleLib": "flakeNimbleLib",
        "nimviz-master": "nimviz-master",
        "nixpkgs": "nixpkgs"
      }
    },
    "src-nimviz-master": {
      "flake": false,
      "locked": {
        "lastModified": 1612028496,
        "narHash": "sha256-2MxeQhNL3wUsyosiE9YAOz8DSiF61alZ3gxKb4Go0aA=",
        "owner": "Rekihyt",
        "repo": "nimviz",
        "rev": "df916b1d12b3627a76a32aa49b506e11efd8bb05",
        "type": "github"
      },
      "original": {
        "owner": "Rekihyt",
        "ref": "refs/heads/master",
        "repo": "nimviz",
        "type": "github"
      }
    }
  },
  "root": "root",
  "version": 7
}
